github.com/actgardner/gogen-avro/v10 v10.2.1 h1:z3pOGblRjAJCYpkIJ8CmbMJdksi4rAhaygw0dyXZ930=
github.com/actgardner/gogen-avro/v10 v10.2.1/go.mod h1:QUhjeHPchheYmMDni/Nx7VB0RsT/ee8YIgGY/xpEQgQ=
github.com/davecgh/go-spew v1.1.1 h1:vj9j/u1bqnvCEfJOwUhtlOARqs3+rkHYY13jYWTU97c=
github.com/pmezard/go-difflib v1.0.0 h1:4DBwDE0NGyQoBHbLQYPwSUPoCMWR5BEzIk/f1lZbAQM=
github.com/rockwotj/redpanda/src/go/sdk v0.0.0-20230615154609-18f9857c9225 h1:WdNHk/7vvZ0yEBjqRS5A/tocRuPNv6yOxSDITBR8MiI=
github.com/rockwotj/redpanda/src/go/sdk v0.0.0-20230615154609-18f9857c9225/go.mod h1:23S80kD79G/N+gmtq/fGD7NqOFoh3zJhVmFW9I7pwUo=
github.com/rockwotj/redpanda/src/go/sdk v0.0.0-20230615164355-34aeaa2d6d64 h1:mBcp2wVQSRoN3mK8VIUCXpCnL3e8WP2CGiFGIq+FbDM=
github.com/rockwotj/redpanda/src/go/sdk v0.0.0-20230615164355-34aeaa2d6d64/go.mod h1:23S80kD79G/N+gmtq/fGD7NqOFoh3zJhVmFW9I7pwUo=
github.com/rockwotj/redpanda/src/go/sdk v0.0.0-20230615165821-0726796cd41e h1:eTCaWB002j5eEnwReL6Fbt1CSJ3/KqNs1UfG8ZburzI=
github.com/rockwotj/redpanda/src/go/sdk v0.0.0-20230615165821-0726796cd41e/go.mod h1:23S80kD79G/N+gmtq/fGD7NqOFoh3zJhVmFW9I7pwUo=
github.com/rockwotj/redpanda/src/go/sdk v0.0.0-20230616184525-c176cb7b379b h1:U6ChOFQVNtAzE6NYLTErSfXdAfDFyb+X5eJIKsGy4fs=
github.com/rockwotj/redpanda/src/go/sdk v0.0.0-20230616184525-c176cb7b379b/go.mod h1:23S80kD79G/N+gmtq/fGD7NqOFoh3zJhVmFW9I7pwUo=
github.com/rockwotj/redpanda/src/go/sdk v0.0.0-20230619185140-81a1f0863fd7 h1:gSJFCX4HDJ4do3ritOnS8G5v3KOtUSA3DRYvz0EWE3E=
github.com/rockwotj/redpanda/src/go/sdk v0.0.0-20230619185140-81a1f0863fd7/go.mod h1:23S80kD79G/N+gmtq/fGD7NqOFoh3zJhVmFW9I7pwUo=
github.com/rockwotj/redpanda/src/go/sdk v0.0.0-20230621190806-4bcf4b0706d3 h1:QTaPRYXkSTKjQl/MY/oTBbZ+m9tFZQrOxDZUXHXSdk8=
github.com/rockwotj/redpanda/src/go/sdk v0.0.0-20230621190806-4bcf4b0706d3/go.mod h1:23S80kD79G/N+gmtq/fGD7NqOFoh3zJhVmFW9I7pwUo=
github.com/stretchr/testify v1.7.1 h1:5TQK59W5E3v0r2duFAb7P95B6hEeOyEnHRa8MjYSMTY=
gopkg.in/yaml.v3 v3.0.0-20210107192922-496545a6307b h1:h8qDotaEPuJATrMmW04NCwg7v22aHH28wwpauUhK9Oo=
